
Microsoft Visual Studio Solution File, Format Version 9.00
# Visual Studio 2005
Project("{8BC9CEB8-8B4A-11D0-8D11-00A0C91BC942}") = "redttyw", "redttyw.vcproj", "{1044435E-05BE-4C18-B4CC-A6A774D34348}"
EndProject
Global
	GlobalSection(SolutionConfigurationPlatforms) = preSolution
		Debug|Win32 = Debug|Win32
		Release|Win32 = Release|Win32
	EndGlobalSection
	GlobalSection(ProjectConfigurationPlatforms) = postSolution
		{1044435E-05BE-4C18-B4CC-A6A774D34348}.Debug|Win32.ActiveCfg = Debug|Win32
		{1044435E-05BE-4C18-B4CC-A6A774D34348}.Debug|Win32.Build.0 = Debug|Win32
		{1044435E-05BE-4C18-B4CC-A6A774D34348}.Release|Win32.ActiveCfg = Release|Win32
		{1044435E-05BE-4C18-B4CC-A6A774D34348}.Release|Win32.Build.0 = Release|Win32
	EndGlobalSection
	GlobalSection(SolutionProperties) = preSolution
		HideSolutionNode = FALSE
	EndGlobalSection
EndGlobal
